// !$*UTF8*$!
{
	archiveVersion = 1;
	classes = {
	};
	objectVersion = 46;
	objects = {

/* Begin PBXBuildFile section */
		C5124E7A1A860B8200CE5A64 /* Foundation.framework in Frameworks */ = {isa = PBXBuildFile; fileRef = C5124E791A860B8200CE5A64 /* Foundation.framework */; };
		C5124E7C1A860B8200CE5A64 /* CoreGraphics.framework in Frameworks */ = {isa = PBXBuildFile; fileRef = C5124E7B1A860B8200CE5A64 /* CoreGraphics.framework */; };
		C5124E7E1A860B8200CE5A64 /* UIKit.framework in Frameworks */ = {isa = PBXBuildFile; fileRef = C5124E7D1A860B8200CE5A64 /* UIKit.framework */; };
		C5124E841A860B8200CE5A64 /* InfoPlist.strings in Resources */ = {isa = PBXBuildFile; fileRef = C5124E821A860B8200CE5A64 /* InfoPlist.strings */; };
		C5124E861A860B8200CE5A64 /* main.m in Sources */ = {isa = PBXBuildFile; fileRef = C5124E851A860B8200CE5A64 /* main.m */; };
		C5124E8A1A860B8200CE5A64 /* AppDelegate.m in Sources */ = {isa = PBXBuildFile; fileRef = C5124E891A860B8200CE5A64 /* AppDelegate.m */; };
		C5124E8C1A860B8200CE5A64 /* Images.xcassets in Resources */ = {isa = PBXBuildFile; fileRef = C5124E8B1A860B8200CE5A64 /* Images.xcassets */; };
		C5124E931A860B8200CE5A64 /* XCTest.framework in Frameworks */ = {isa = PBXBuildFile; fileRef = C5124E921A860B8200CE5A64 /* XCTest.framework */; };
		C5124E941A860B8200CE5A64 /* Foundation.framework in Frameworks */ = {isa = PBXBuildFile; fileRef = C5124E791A860B8200CE5A64 /* Foundation.framework */; };
		C5124E951A860B8200CE5A64 /* UIKit.framework in Frameworks */ = {isa = PBXBuildFile; fileRef = C5124E7D1A860B8200CE5A64 /* UIKit.framework */; };
		C5124E9D1A860B8200CE5A64 /* InfoPlist.strings in Resources */ = {isa = PBXBuildFile; fileRef = C5124E9B1A860B8200CE5A64 /* InfoPlist.strings */; };
		C5124E9F1A860B8200CE5A64 /* ___UIPickerViewTests.m in Sources */ = {isa = PBXBuildFile; fileRef = C5124E9E1A860B8200CE5A64 /* ___UIPickerViewTests.m */; };
/* End PBXBuildFile section */

/* Begin PBXContainerItemProxy section */
		C5124E961A860B8200CE5A64 /* PBXContainerItemProxy */ = {
			isa = PBXContainerItemProxy;
			containerPortal = C5124E6E1A860B8200CE5A64 /* Project object */;
			proxyType = 1;
			remoteGlobalIDString = C5124E751A860B8200CE5A64;
			remoteInfo = "自定义UIPickerView";
		};
/* End PBXContainerItemProxy section */

/* Begin PBXFileReference section */
		C5124E761A860B8200CE5A64 /* 自定义UIPickerView.app */ = {isa = PBXFileReference; explicitFileType = wrapper.application; includeInIndex = 0; path = "自定义UIPickerView.app"; sourceTree = BUILT_PRODUCTS_DIR; };
		C5124E791A860B8200CE5A64 /* Foundation.framework */ = {isa = PBXFileReference; lastKnownFileType = wrapper.framework; name = Foundation.framework; path = System/Library/Frameworks/Foundation.framework; sourceTree = SDKROOT; };
		C5124E7B1A860B8200CE5A64 /* CoreGraphics.framework */ = {isa = PBXFileReference; lastKnownFileType = wrapper.framework; name = CoreGraphics.framework; path = System/Library/Frameworks/CoreGraphics.framework; sourceTree = SDKROOT; };
		C5124E7D1A860B8200CE5A64 /* UIKit.framework */ = {isa = PBXFileReference; lastKnownFileType = wrapper.framework; name = UIKit.framework; path = System/Library/Frameworks/UIKit.framework; sourceTree = SDKROOT; };
		C5124E811A860B8200CE5A64 /* 自定义UIPickerView-Info.plist */ = {isa = PBXFileReference; lastKnownFileType = text.plist.xml; path = "自定义UIPickerView-Info.plist"; sourceTree = "<group>"; };
		C5124E831A860B8200CE5A64 /* en */ = {isa = PBXFileReference; lastKnownFileType = text.plist.strings; name = en; path = en.lproj/InfoPlist.strings; sourceTree = "<group>"; };
		C5124E851A860B8200CE5A64 /* main.m */ = {isa = PBXFileReference; lastKnownFileType = sourcecode.c.objc; path = main.m; sourceTree = "<group>"; };
		C5124E871A860B8200CE5A64 /* 自定义UIPickerView-Prefix.pch */ = {isa = PBXFileReference; lastKnownFileType = sourcecode.c.h; path = "自定义UIPickerView-Prefix.pch"; sourceTree = "<group>"; };
		C5124E881A860B8200CE5A64 /* AppDelegate.h */ = {isa = PBXFileReference; lastKnownFileType = sourcecode.c.h; path = AppDelegate.h; sourceTree = "<group>"; };
		C5124E891A860B8200CE5A64 /* AppDelegate.m */ = {isa = PBXFileReference; lastKnownFileType = sourcecode.c.objc; path = AppDelegate.m; sourceTree = "<group>"; };
		C5124E8B1A860B8200CE5A64 /* Images.xcassets */ = {isa = PBXFileReference; lastKnownFileType = folder.assetcatalog; path = Images.xcassets; sourceTree = "<group>"; };
		C5124E911A860B8200CE5A64 /* 自定义UIPickerViewTests.xctest */ = {isa = PBXFileReference; explicitFileType = wrapper.cfbundle; includeInIndex = 0; path = "自定义UIPickerViewTests.xctest"; sourceTree = BUILT_PRODUCTS_DIR; };
		C5124E921A860B8200CE5A64 /* XCTest.framework */ = {isa = PBXFileReference; lastKnownFileType = wrapper.framework; name = XCTest.framework; path = Library/Frameworks/XCTest.framework; sourceTree = DEVELOPER_DIR; };
		C5124E9A1A860B8200CE5A64 /* 自定义UIPickerViewTests-Info.plist */ = {isa = PBXFileReference; lastKnownFileType = text.plist.xml; path = "自定义UIPickerViewTests-Info.plist"; sourceTree = "<group>"; };
		C5124E9C1A860B8200CE5A64 /* en */ = {isa = PBXFileReference; lastKnownFileType = text.plist.strings; name = en; path = en.lproj/InfoPlist.strings; sourceTree = "<group>"; };
		C5124E9E1A860B8200CE5A64 /* ___UIPickerViewTests.m */ = {isa = PBXFileReference; lastKnownFileType = sourcecode.c.objc; path = "___UIPickerViewTests.m"; sourceTree = "<group>"; };
/* End PBXFileReference section */

/* Begin PBXFrameworksBuildPhase section */
		C5124E731A860B8200CE5A64 /* Frameworks */ = {
			isa = PBXFrameworksBuildPhase;
			buildActionMask = 2147483647;
			files = (
				C5124E7C1A860B8200CE5A64 /* CoreGraphics.framework in Frameworks */,
				C5124E7E1A860B8200CE5A64 /* UIKit.framework in Frameworks */,
				C5124E7A1A860B8200CE5A64 /* Foundation.framework in Frameworks */,
			);
			runOnlyForDeploymentPostprocessing = 0;
		};
		C5124E8E1A860B8200CE5A64 /* Frameworks */ = {
			isa = PBXFrameworksBuildPhase;
			buildActionMask = 2147483647;
			files = (
				C5124E931A860B8200CE5A64 /* XCTest.framework in Frameworks */,
				C5124E951A860B8200CE5A64 /* UIKit.framework in Frameworks */,
				C5124E941A860B8200CE5A64 /* Foundation.framework in Frameworks */,
			);
			runOnlyForDeploymentPostprocessing = 0;
		};
/* End PBXFrameworksBuildPhase section */

/* Begin PBXGroup section */
		C5124E6D1A860B8200CE5A64 = {
			isa = PBXGroup;
			children = (
				C5124E7F1A860B8200CE5A64 /* 自定义UIPickerView */,
				C5124E981A860B8200CE5A64 /* 自定义UIPickerViewTests */,
				C5124E781A860B8200CE5A64 /* Frameworks */,
				C5124E771A860B8200CE5A64 /* Products */,
			);
			sourceTree = "<group>";
		};
		C5124E771A860B8200CE5A64 /* Products */ = {
			isa = PBXGroup;
			children = (
				C5124E761A860B8200CE5A64 /* 自定义UIPickerView.app */,
				C5124E911A860B8200CE5A64 /* 自定义UIPickerViewTests.xctest */,
			);
			name = Products;
			sourceTree = "<group>";
		};
		C5124E781A860B8200CE5A64 /* Frameworks */ = {
			isa = PBXGroup;
			children = (
				C5124E791A860B8200CE5A64 /* Foundation.framework */,
				C5124E7B1A860B8200CE5A64 /* CoreGraphics.framework */,
				C5124E7D1A860B8200CE5A64 /* UIKit.framework */,
				C5124E921A860B8200CE5A64 /* XCTest.framework */,
			);
			name = Frameworks;
			sourceTree = "<group>";
		};
		C5124E7F1A860B8200CE5A64 /* 自定义UIPickerView */ = {
			isa = PBXGroup;
			children = (
				C5124E881A860B8200CE5A64 /* AppDelegate.h */,
				C5124E891A860B8200CE5A64 /* AppDelegate.m */,
				C5124E8B1A860B8200CE5A64 /* Images.xcassets */,
				C5124E801A860B8200CE5A64 /* Supporting Files */,
			);
			path = "自定义UIPickerView";
			sourceTree = "<group>";
		};
		C5124E801A860B8200CE5A64 /* Supporting Files */ = {
			isa = PBXGroup;
			children = (
				C5124E811A860B8200CE5A64 /* 自定义UIPickerView-Info.plist */,
				C5124E821A860B8200CE5A64 /* InfoPlist.strings */,
				C5124E851A860B8200CE5A64 /* main.m */,
				C5124E871A860B8200CE5A64 /* 自定义UIPickerView-Prefix.pch */,
			);
			name = "Supporting Files";
			sourceTree = "<group>";
		};
		C5124E981A860B8200CE5A64 /* 自定义UIPickerViewTests */ = {
			isa = PBXGroup;
			children = (
				C5124E9E1A860B8200CE5A64 /* ___UIPickerViewTests.m */,
				C5124E991A860B8200CE5A64 /* Supporting Files */,
			);
			path = "自定义UIPickerViewTests";
			sourceTree = "<group>";
		};
		C5124E991A860B8200CE5A64 /* Supporting Files */ = {
			isa = PBXGroup;
			children = (
				C5124E9A1A860B8200CE5A64 /* 自定义UIPickerViewTests-Info.plist */,
				C5124E9B1A860B8200CE5A64 /* InfoPlist.strings */,
			);
			name = "Supporting Files";
			sourceTree = "<group>";
		};
/* End PBXGroup section */

/* Begin PBXNativeTarget section */
		C5124E751A860B8200CE5A64 /* 自定义UIPickerView */ = {
			isa = PBXNativeTarget;
			buildConfigurationList = C5124EA21A860B8200CE5A64 /* Build configuration list for PBXNativeTarget "自定义UIPickerView" */;
			buildPhases = (
				C5124E721A860B8200CE5A64 /* Sources */,
				C5124E731A860B8200CE5A64 /* Frameworks */,
				C5124E741A860B8200CE5A64 /* Resources */,
			);
			buildRules = (
			);
			dependencies = (
			);
			name = "自定义UIPickerView";
			productName = "自定义UIPickerView";
			productReference = C5124E761A860B8200CE5A64 /* 自定义UIPickerView.app */;
			productType = "com.apple.product-type.application";
		};
		C5124E901A860B8200CE5A64 /* 自定义UIPickerViewTests */ = {
			isa = PBXNativeTarget;
			buildConfigurationList = C5124EA51A860B8200CE5A64 /* Build configuration list for PBXNativeTarget "自定义UIPickerViewTests" */;
			buildPhases = (
				C5124E8D1A860B8200CE5A64 /* Sources */,
				C5124E8E1A860B8200CE5A64 /* Frameworks */,
				C5124E8F1A860B8200CE5A64 /* Resources */,
			);
			buildRules = (
			);
			dependencies = (
				C5124E971A860B8200CE5A64 /* PBXTargetDependency */,
			);
			name = "自定义UIPickerViewTests";
			productName = "自定义UIPickerViewTests";
			productReference = C5124E911A860B8200CE5A64 /* 自定义UIPickerViewTests.xctest */;
			productType = "com.apple.product-type.bundle.unit-test";
		};
/* End PBXNativeTarget section */

/* Begin PBXProject section */
		C5124E6E1A860B8200CE5A64 /* Project object */ = {
			isa = PBXProject;
			attributes = {
				LastUpgradeCheck = 0510;
				ORGANIZATIONNAME = shikee_Chan;
				TargetAttributes = {
					C5124E901A860B8200CE5A64 = {
						TestTargetID = C5124E751A860B8200CE5A64;
					};
				};
			};
			buildConfigurationList = C5124E711A860B8200CE5A64 /* Build configuration list for PBXProject "自定义UIPickerView" */;
			compatibilityVersion = "Xcode 3.2";
			developmentRegion = English;
			hasScannedForEncodings = 0;
			knownRegions = (
				en,
			);
			mainGroup = C5124E6D1A860B8200CE5A64;
			productRefGroup = C5124E771A860B8200CE5A64 /* Products */;
			projectDirPath = "";
			projectRoot = "";
			targets = (
				C5124E751A860B8200CE5A64 /* 自定义UIPickerView */,
				C5124E901A860B8200CE5A64 /* 自定义UIPickerViewTests */,
			);
		};
/* End PBXProject section */

/* Begin PBXResourcesBuildPhase section */
		C5124E741A860B8200CE5A64 /* Resources */ = {
			isa = PBXResourcesBuildPhase;
			buildActionMask = 2147483647;
			files = (
				C5124E841A860B8200CE5A64 /* InfoPlist.strings in Resources */,
				C5124E8C1A860B8200CE5A64 /* Images.xcassets in Resources */,
			);
			runOnlyForDeploymentPostprocessing = 0;
		};
		C5124E8F1A860B8200CE5A64 /* Resources */ = {
			isa = PBXResourcesBuildPhase;
			buildActionMask = 2147483647;
			files = (
				C5124E9D1A860B8200CE5A64 /* InfoPlist.strings in Resources */,
			);
			runOnlyForDeploymentPostprocessing = 0;
		};
/* End PBXResourcesBuildPhase section */

/* Begin PBXSourcesBuildPhase section */
		C5124E721A860B8200CE5A64 /* Sources */ = {
			isa = PBXSourcesBuildPhase;
			buildActionMask = 2147483647;
			files = (
				C5124E8A1A860B8200CE5A64 /* AppDelegate.m in Sources */,
				C5124E861A860B8200CE5A64 /* main.m in Sources */,
			);
			runOnlyForDeploymentPostprocessing = 0;
		};
		C5124E8D1A860B8200CE5A64 /* Sources */ = {
			isa = PBXSourcesBuildPhase;
			buildActionMask = 2147483647;
			files = (
				C5124E9F1A860B8200CE5A64 /* ___UIPickerViewTests.m in Sources */,
			);
			runOnlyForDeploymentPostprocessing = 0;
		};
/* End PBXSourcesBuildPhase section */

/* Begin PBXTargetDependency section */
		C5124E971A860B8200CE5A64 /* PBXTargetDependency */ = {
			isa = PBXTargetDependency;
			target = C5124E751A860B8200CE5A64 /* 自定义UIPickerView */;
			targetProxy = C5124E961A860B8200CE5A64 /* PBXContainerItemProxy */;
		};
/* End PBXTargetDependency section */

/* Begin PBXVariantGroup section */
		C5124E821A860B8200CE5A64 /* InfoPlist.strings */ = {
			isa = PBXVariantGroup;
			children = (
				C5124E831A860B8200CE5A64 /* en */,
			);
			name = InfoPlist.strings;
			sourceTree = "<group>";
		};
		C5124E9B1A860B8200CE5A64 /* InfoPlist.strings */ = {
			isa = PBXVariantGroup;
			children = (
				C5124E9C1A860B8200CE5A64 /* en */,
			);
			name = InfoPlist.strings;
			sourceTree = "<group>";
		};
/* End PBXVariantGroup section */

/* Begin XCBuildConfiguration section */
		C5124EA01A860B8200CE5A64 /* Debug */ = {
			isa = XCBuildConfiguration;
			buildSettings = {
				ALWAYS_SEARCH_USER_PATHS = NO;
				CLANG_CXX_LANGUAGE_STANDARD = "gnu++0x";
				CLANG_CXX_LIBRARY = "libc++";
				CLANG_ENABLE_MODULES = YES;
				CLANG_ENABLE_OBJC_ARC = YES;
				CLANG_WARN_BOOL_CONVERSION = YES;
				CLANG_WARN_CONSTANT_CONVERSION = YES;
				CLANG_WARN_DIRECT_OBJC_ISA_USAGE = YES_ERROR;
				CLANG_WARN_EMPTY_BODY = YES;
				CLANG_WARN_ENUM_CONVERSION = YES;
				CLANG_WARN_INT_CONVERSION = YES;
				CLANG_WARN_OBJC_ROOT_CLASS = YES_ERROR;
				CLANG_WARN__DUPLICATE_METHOD_MATCH = YES;
				"CODE_SIGN_IDENTITY[sdk=iphoneos*]" = "iPhone Developer";
				COPY_PHASE_STRIP = NO;
				GCC_C_LANGUAGE_STANDARD = gnu99;
				GCC_DYNAMIC_NO_PIC = NO;
				GCC_OPTIMIZATION_LEVEL = 0;
				GCC_PREPROCESSOR_DEFINITIONS = (
					"DEBUG=1",
					"$(inherited)",
				);
				GCC_SYMBOLS_PRIVATE_EXTERN = NO;
				GCC_WARN_64_TO_32_BIT_CONVERSION = YES;
				GCC_WARN_ABOUT_RETURN_TYPE = YES_ERROR;
				GCC_WARN_UNDECLARED_SELECTOR = YES;
				GCC_WARN_UNINITIALIZED_AUTOS = YES_AGGRESSIVE;
				GCC_WARN_UNUSED_FUNCTION = YES;
				GCC_WARN_UNUSED_VARIABLE = YES;
				IPHONEOS_DEPLOYMENT_TARGET = 7.1;
				ONLY_ACTIVE_ARCH = YES;
				SDKROOT = iphoneos;
			};
			name = Debug;
		};
		C5124EA11A860B8200CE5A64 /* Release */ = {
			isa = XCBuildConfiguration;
			buildSettings = {
				ALWAYS_SEARCH_USER_PATHS = NO;
				CLANG_CXX_LANGUAGE_STANDARD = "gnu++0x";
				CLANG_CXX_LIBRARY = "libc++";
				CLANG_ENABLE_MODULES = YES;
				CLANG_ENABLE_OBJC_ARC = YES;
				CLANG_WARN_BOOL_CONVERSION = YES;
				CLANG_WARN_CONSTANT_CONVERSION = YES;
				CLANG_WARN_DIRECT_OBJC_ISA_USAGE = YES_ERROR;
				CLANG_WARN_EMPTY_BODY = YES;
				CLANG_WARN_ENUM_CONVERSION = YES;
				CLANG_WARN_INT_CONVERSION = YES;
				CLANG_WARN_OBJC_ROOT_CLASS = YES_ERROR;
				CLANG_WARN__DUPLICATE_METHOD_MATCH = YES;
				"CODE_SIGN_IDENTITY[sdk=iphoneos*]" = "iPhone Developer";
				COPY_PHASE_STRIP = YES;
				ENABLE_NS_ASSERTIONS = NO;
				GCC_C_LANGUAGE_STANDARD = gnu99;
				GCC_WARN_64_TO_32_BIT_CONVERSION = YES;
				GCC_WARN_ABOUT_RETURN_TYPE = YES_ERROR;
				GCC_WARN_UNDECLARED_SELECTOR = YES;
				GCC_WARN_UNINITIALIZED_AUTOS = YES_AGGRESSIVE;
				GCC_WARN_UNUSED_FUNCTION = YES;
				GCC_WARN_UNUSED_VARIABLE = YES;
				IPHONEOS_DEPLOYMENT_TARGET = 7.1;
				SDKROOT = iphoneos;
				VALIDATE_PRODUCT = YES;
			};
			name = Release;
		};
		C5124EA31A860B8200CE5A64 /* Debug */ = {
			isa = XCBuildConfiguration;
			buildSettings = {
				ASSETCATALOG_COMPILER_APPICON_NAME = AppIcon;
				ASSETCATALOG_COMPILER_LAUNCHIMAGE_NAME = LaunchImage;
				GCC_PRECOMPILE_PREFIX_HEADER = YES;
				GCC_PREFIX_HEADER = "自定义UIPickerView/自定义UIPickerView-Prefix.pch";
				INFOPLIST_FILE = "自定义UIPickerView/自定义UIPickerView-Info.plist";
				PRODUCT_NAME = "$(TARGET_NAME)";
				WRAPPER_EXTENSION = app;
			};
			name = Debug;
		};
		C5124EA41A860B8200CE5A64 /* Release */ = {
			isa = XCBuildConfiguration;
			buildSettings = {
				ASSETCATALOG_COMPILER_APPICON_NAME = AppIcon;
				ASSETCATALOG_COMPILER_LAUNCHIMAGE_NAME = LaunchImage;
				GCC_PRECOMPILE_PREFIX_HEADER = YES;
				GCC_PREFIX_HEADER = "自定义UIPickerView/自定义UIPickerView-Prefix.pch";
				INFOPLIST_FILE = "自定义UIPickerView/自定义UIPickerView-Info.plist";
				PRODUCT_NAME = "$(TARGET_NAME)";
				WRAPPER_EXTENSION = app;
			};
			name = Release;
		};
		C5124EA61A860B8200CE5A64 /* Debug */ = {
			isa = XCBuildConfiguration;
			buildSettings = {
				BUNDLE_LOADER = "$(BUILT_PRODUCTS_DIR)/自定义UIPickerView.app/自定义UIPickerView";
				FRAMEWORK_SEARCH_PATHS = (
					"$(SDKROOT)/Developer/Library/Frameworks",
					"$(inherited)",
					"$(DEVELOPER_FRAMEWORKS_DIR)",
				);
				GCC_PRECOMPILE_PREFIX_HEADER = YES;
				GCC_PREFIX_HEADER = "自定义UIPickerView/自定义UIPickerView-Prefix.pch";
				GCC_PREPROCESSOR_DEFINITIONS = (
					"DEBUG=1",
					"$(inherited)",
				);
				INFOPLIST_FILE = "自定义UIPickerViewTests/自定义UIPickerViewTests-Info.plist";
				PRODUCT_NAME = "$(TARGET_NAME)";
				TEST_HOST = "$(BUNDLE_LOADER)";
				WRAPPER_EXTENSION = xctest;
			};
			name = Debug;
		};
		C5124EA71A860B8200CE5A64 /* Release */ = {
			isa = XCBuildConfiguration;
			buildSettings = {
				BUNDLE_LOADER = "$(BUILT_PRODUCTS_DIR)/自定义UIPickerView.app/自定义UIPickerView";
				FRAMEWORK_SEARCH_PATHS = (
					"$(SDKROOT)/Developer/Library/Frameworks",
					"$(inherited)",
					"$(DEVELOPER_FRAMEWORKS_DIR)",
				);
				GCC_PRECOMPILE_PREFIX_HEADER = YES;
				GCC_PREFIX_HEADER = "自定义UIPickerView/自定义UIPickerView-Prefix.pch";
				INFOPLIST_FILE = "自定义UIPickerViewTests/自定义UIPickerViewTests-Info.plist";
				PRODUCT_NAME = "$(TARGET_NAME)";
				TEST_HOST = "$(BUNDLE_LOADER)";
				WRAPPER_EXTENSION = xctest;
			};
			name = Release;
		};
/* End XCBuildConfiguration section */

/* Begin XCConfigurationList section */
		C5124E711A860B8200CE5A64 /* Build configuration list for PBXProject "自定义UIPickerView" */ = {
			isa = XCConfigurationList;
			buildConfigurations = (
				C5124EA01A860B8200CE5A64 /* Debug */,
				C5124EA11A860B8200CE5A64 /* Release */,
			);
			defaultConfigurationIsVisible = 0;
			defaultConfigurationName = Release;
		};
		C5124EA21A860B8200CE5A64 /* Build configuration list for PBXNativeTarget "自定义UIPickerView" */ = {
			isa = XCConfigurationList;
			buildConfigurations = (
				C5124EA31A860B8200CE5A64 /* Debug */,
				C5124EA41A860B8200CE5A64 /* Release */,
			);
			defaultConfigurationIsVisible = 0;
		};
		C5124EA51A860B8200CE5A64 /* Build configuration list for PBXNativeTarget "自定义UIPickerViewTests" */ = {
			isa = XCConfigurationList;
			buildConfigurations = (
				C5124EA61A860B8200CE5A64 /* Debug */,
				C5124EA71A860B8200CE5A64 /* Release */,
			);
			defaultConfigurationIsVisible = 0;
		};
/* End XCConfigurationList section */
	};
	rootObject = C5124E6E1A860B8200CE5A64 /* Project object */;
}
